
Microsoft Visual Studio Solution File, Format Version 12.00
# Visual Studio 15
VisualStudioVersion = 15.0.28307.2092
MinimumVisualStudioVersion = 10.0.40219.1
Project("{8BC9CEB8-8B4A-11D0-8D11-00A0C91BC942}") = "PartitionArrayIntoTwoArraystoMinimizeSumDifference", "PartitionArrayIntoTwoArraystoMinimizeSumDifference\PartitionArrayIntoTwoArraystoMinimizeSumDifference.vcxproj", "{BD1A2B69-3E16-419C-9DC9-8E41ED4BBDE9}"
EndProject
Global
	GlobalSection(SolutionConfigurationPlatforms) = preSolution
		Debug|x64 = Debug|x64
		Debug|x86 = Debug|x86
		Release|x64 = Release|x64
		Release|x86 = Release|x86
	EndGlobalSection
	GlobalSection(ProjectConfigurationPlatforms) = postSolution
		{BD1A2B69-3E16-419C-9DC9-8E41ED4BBDE9}.Debug|x64.ActiveCfg = Debug|x64
		{BD1A2B69-3E16-419C-9DC9-8E41ED4BBDE9}.Debug|x64.Build.0 = Debug|x64
		{BD1A2B69-3E16-419C-9DC9-8E41ED4BBDE9}.Debug|x86.ActiveCfg = Debug|Win32
		{BD1A2B69-3E16-419C-9DC9-8E41ED4BBDE9}.Debug|x86.Build.0 = Debug|Win32
		{BD1A2B69-3E16-419C-9DC9-8E41ED4BBDE9}.Release|x64.ActiveCfg = Release|x64
		{BD1A2B69-3E16-419C-9DC9-8E41ED4BBDE9}.Release|x64.Build.0 = Release|x64
		{BD1A2B69-3E16-419C-9DC9-8E41ED4BBDE9}.Release|x86.ActiveCfg = Release|Win32
		{BD1A2B69-3E16-419C-9DC9-8E41ED4BBDE9}.Release|x86.Build.0 = Release|Win32
	EndGlobalSection
	GlobalSection(SolutionProperties) = preSolution
		HideSolutionNode = FALSE
	EndGlobalSection
	GlobalSection(ExtensibilityGlobals) = postSolution
		SolutionGuid = {AC81C55B-2E7B-4AE9-A484-CC9ED7C27700}
	EndGlobalSection
EndGlobal
